
Microsoft Visual Studio Solution File, Format Version 12.00
# Visual Studio 15
VisualStudioVersion = 15.0.28307.271
MinimumVisualStudioVersion = 10.0.40219.1
Project("{8BC9CEB8-8B4A-11D0-8D11-00A0C91BC942}") = "Day1", "Day1\Day1.vcxproj", "{0106FC25-3E65-409D-B391-5458E9165671}"
EndProject
Project("{8BC9CEB8-8B4A-11D0-8D11-00A0C91BC942}") = "Day2", "Day2\Day2.vcxproj", "{FF7792B2-8807-4C3B-9DEF-298C06B5F8A9}"
EndProject
Project("{8BC9CEB8-8B4A-11D0-8D11-00A0C91BC942}") = "Day3", "Day3\Day3.vcxproj", "{268A0D88-7209-4204-9A89-DA3D93EF7225}"
EndProject
Project("{8BC9CEB8-8B4A-11D0-8D11-00A0C91BC942}") = "_utils", "_utils\_utils.vcxitems", "{78CBA7CA-DD93-4C68-8161-0BA386F7CF74}"
EndProject
Global
	GlobalSection(SolutionConfigurationPlatforms) = preSolution
		Debug|x64 = Debug|x64
		Debug|x86 = Debug|x86
		Release|x64 = Release|x64
		Release|x86 = Release|x86
	EndGlobalSection
	GlobalSection(ProjectConfigurationPlatforms) = postSolution
		{0106FC25-3E65-409D-B391-5458E9165671}.Debug|x64.ActiveCfg = Debug|x64
		{0106FC25-3E65-409D-B391-5458E9165671}.Debug|x64.Build.0 = Debug|x64
		{0106FC25-3E65-409D-B391-5458E9165671}.Debug|x86.ActiveCfg = Debug|Win32
		{0106FC25-3E65-409D-B391-5458E9165671}.Debug|x86.Build.0 = Debug|Win32
		{0106FC25-3E65-409D-B391-5458E9165671}.Release|x64.ActiveCfg = Release|x64
		{0106FC25-3E65-409D-B391-5458E9165671}.Release|x64.Build.0 = Release|x64
		{0106FC25-3E65-409D-B391-5458E9165671}.Release|x86.ActiveCfg = Release|Win32
		{0106FC25-3E65-409D-B391-5458E9165671}.Release|x86.Build.0 = Release|Win32
		{FF7792B2-8807-4C3B-9DEF-298C06B5F8A9}.Debug|x64.ActiveCfg = Debug|x64
		{FF7792B2-8807-4C3B-9DEF-298C06B5F8A9}.Debug|x64.Build.0 = Debug|x64
		{FF7792B2-8807-4C3B-9DEF-298C06B5F8A9}.Debug|x86.ActiveCfg = Debug|Win32
		{FF7792B2-8807-4C3B-9DEF-298C06B5F8A9}.Debug|x86.Build.0 = Debug|Win32
		{FF7792B2-8807-4C3B-9DEF-298C06B5F8A9}.Release|x64.ActiveCfg = Release|x64
		{FF7792B2-8807-4C3B-9DEF-298C06B5F8A9}.Release|x64.Build.0 = Release|x64
		{FF7792B2-8807-4C3B-9DEF-298C06B5F8A9}.Release|x86.ActiveCfg = Release|Win32
		{FF7792B2-8807-4C3B-9DEF-298C06B5F8A9}.Release|x86.Build.0 = Release|Win32
		{268A0D88-7209-4204-9A89-DA3D93EF7225}.Debug|x64.ActiveCfg = Debug|x64
		{268A0D88-7209-4204-9A89-DA3D93EF7225}.Debug|x64.Build.0 = Debug|x64
		{268A0D88-7209-4204-9A89-DA3D93EF7225}.Debug|x86.ActiveCfg = Debug|Win32
		{268A0D88-7209-4204-9A89-DA3D93EF7225}.Debug|x86.Build.0 = Debug|Win32
		{268A0D88-7209-4204-9A89-DA3D93EF7225}.Release|x64.ActiveCfg = Release|x64
		{268A0D88-7209-4204-9A89-DA3D93EF7225}.Release|x64.Build.0 = Release|x64
		{268A0D88-7209-4204-9A89-DA3D93EF7225}.Release|x86.ActiveCfg = Release|Win32
		{268A0D88-7209-4204-9A89-DA3D93EF7225}.Release|x86.Build.0 = Release|Win32
	EndGlobalSection
	GlobalSection(SolutionProperties) = preSolution
		HideSolutionNode = FALSE
	EndGlobalSection
	GlobalSection(ExtensibilityGlobals) = postSolution
		SolutionGuid = {501313A0-60EA-4F2D-8CE8-E31B5F8B0E0E}
	EndGlobalSection
EndGlobal
